// !$*UTF8*$!
{
	archiveVersion = 1;
	classes = {
	};
	objectVersion = 46;
	objects = {

/* Begin PBXBuildFile section */
		8E0247881C92AA39009D3AF5 /* main.m in Sources */ = {isa = PBXBuildFile; fileRef = 8E0247871C92AA39009D3AF5 /* main.m */; };
		8E02478B1C92AA3A009D3AF5 /* AppDelegate.m in Sources */ = {isa = PBXBuildFile; fileRef = 8E02478A1C92AA3A009D3AF5 /* AppDelegate.m */; };
		8E0247911C92AA3A009D3AF5 /* Main.storyboard in Resources */ = {isa = PBXBuildFile; fileRef = 8E02478F1C92AA3A009D3AF5 /* Main.storyboard */; };
		8E0247941C92AA3A009D3AF5 /* SafariViewControllerDemo.xcdatamodeld in Sources */ = {isa = PBXBuildFile; fileRef = 8E0247921C92AA3A009D3AF5 /* SafariViewControllerDemo.xcdatamodeld */; };
		8E0247961C92AA3A009D3AF5 /* Assets.xcassets in Resources */ = {isa = PBXBuildFile; fileRef = 8E0247951C92AA3A009D3AF5 /* Assets.xcassets */; };
		8E0247991C92AA3A009D3AF5 /* LaunchScreen.storyboard in Resources */ = {isa = PBXBuildFile; fileRef = 8E0247971C92AA3A009D3AF5 /* LaunchScreen.storyboard */; };
		8E0247A41C92AA3A009D3AF5 /* SafariViewControllerDemoTests.m in Sources */ = {isa = PBXBuildFile; fileRef = 8E0247A31C92AA3A009D3AF5 /* SafariViewControllerDemoTests.m */; };
		8E0247AF1C92AA3A009D3AF5 /* SafariViewControllerDemoUITests.m in Sources */ = {isa = PBXBuildFile; fileRef = 8E0247AE1C92AA3A009D3AF5 /* SafariViewControllerDemoUITests.m */; };
		8E0247C11C92AD58009D3AF5 /* SafariViewController.m in Sources */ = {isa = PBXBuildFile; fileRef = 8E0247C01C92AD58009D3AF5 /* SafariViewController.m */; };
/* End PBXBuildFile section */

/* Begin PBXContainerItemProxy section */
		8E0247A01C92AA3A009D3AF5 /* PBXContainerItemProxy */ = {
			isa = PBXContainerItemProxy;
			containerPortal = 8E02477B1C92AA39009D3AF5 /* Project object */;
			proxyType = 1;
			remoteGlobalIDString = 8E0247821C92AA39009D3AF5;
			remoteInfo = SafariViewControllerDemo;
		};
		8E0247AB1C92AA3A009D3AF5 /* PBXContainerItemProxy */ = {
			isa = PBXContainerItemProxy;
			containerPortal = 8E02477B1C92AA39009D3AF5 /* Project object */;
			proxyType = 1;
			remoteGlobalIDString = 8E0247821C92AA39009D3AF5;
			remoteInfo = SafariViewControllerDemo;
		};
/* End PBXContainerItemProxy section */

/* Begin PBXFileReference section */
		8E0247831C92AA39009D3AF5 /* SafariViewControllerDemo.app */ = {isa = PBXFileReference; explicitFileType = wrapper.application; includeInIndex = 0; path = SafariViewControllerDemo.app; sourceTree = BUILT_PRODUCTS_DIR; };
		8E0247871C92AA39009D3AF5 /* main.m */ = {isa = PBXFileReference; lastKnownFileType = sourcecode.c.objc; path = main.m; sourceTree = "<group>"; };
		8E0247891C92AA39009D3AF5 /* AppDelegate.h */ = {isa = PBXFileReference; lastKnownFileType = sourcecode.c.h; path = AppDelegate.h; sourceTree = "<group>"; };
		8E02478A1C92AA3A009D3AF5 /* AppDelegate.m */ = {isa = PBXFileReference; lastKnownFileType = sourcecode.c.objc; path = AppDelegate.m; sourceTree = "<group>"; };
		8E0247901C92AA3A009D3AF5 /* Base */ = {isa = PBXFileReference; lastKnownFileType = file.storyboard; name = Base; path = Base.lproj/Main.storyboard; sourceTree = "<group>"; };
		8E0247931C92AA3A009D3AF5 /* SafariViewControllerDemo.xcdatamodel */ = {isa = PBXFileReference; lastKnownFileType = wrapper.xcdatamodel; path = SafariViewControllerDemo.xcdatamodel; sourceTree = "<group>"; };
		8E0247951C92AA3A009D3AF5 /* Assets.xcassets */ = {isa = PBXFileReference; lastKnownFileType = folder.assetcatalog; path = Assets.xcassets; sourceTree = "<group>"; };
		8E0247981C92AA3A009D3AF5 /* Base */ = {isa = PBXFileReference; lastKnownFileType = file.storyboard; name = Base; path = Base.lproj/LaunchScreen.storyboard; sourceTree = "<group>"; };
		8E02479A1C92AA3A009D3AF5 /* Info.plist */ = {isa = PBXFileReference; lastKnownFileType = text.plist.xml; path = Info.plist; sourceTree = "<group>"; };
		8E02479F1C92AA3A009D3AF5 /* SafariViewControllerDemoTests.xctest */ = {isa = PBXFileReference; explicitFileType = wrapper.cfbundle; includeInIndex = 0; path = SafariViewControllerDemoTests.xctest; sourceTree = BUILT_PRODUCTS_DIR; };
		8E0247A31C92AA3A009D3AF5 /* SafariViewControllerDemoTests.m */ = {isa = PBXFileReference; lastKnownFileType = sourcecode.c.objc; path = SafariViewControllerDemoTests.m; sourceTree = "<group>"; };
		8E0247A51C92AA3A009D3AF5 /* Info.plist */ = {isa = PBXFileReference; lastKnownFileType = text.plist.xml; path = Info.plist; sourceTree = "<group>"; };
		8E0247AA1C92AA3A009D3AF5 /* SafariViewControllerDemoUITests.xctest */ = {isa = PBXFileReference; explicitFileType = wrapper.cfbundle; includeInIndex = 0; path = SafariViewControllerDemoUITests.xctest; sourceTree = BUILT_PRODUCTS_DIR; };
		8E0247AE1C92AA3A009D3AF5 /* SafariViewControllerDemoUITests.m */ = {isa = PBXFileReference; lastKnownFileType = sourcecode.c.objc; path = SafariViewControllerDemoUITests.m; sourceTree = "<group>"; };
		8E0247B01C92AA3A009D3AF5 /* Info.plist */ = {isa = PBXFileReference; lastKnownFileType = text.plist.xml; path = Info.plist; sourceTree = "<group>"; };
		8E0247BF1C92AD58009D3AF5 /* SafariViewController.h */ = {isa = PBXFileReference; fileEncoding = 4; lastKnownFileType = sourcecode.c.h; path = SafariViewController.h; sourceTree = "<group>"; };
		8E0247C01C92AD58009D3AF5 /* SafariViewController.m */ = {isa = PBXFileReference; fileEncoding = 4; lastKnownFileType = sourcecode.c.objc; path = SafariViewController.m; sourceTree = "<group>"; };
/* End PBXFileReference section */

/* Begin PBXFrameworksBuildPhase section */
		8E0247801C92AA39009D3AF5 /* Frameworks */ = {
			isa = PBXFrameworksBuildPhase;
			buildActionMask = 2147483647;
			files = (
			);
			runOnlyForDeploymentPostprocessing = 0;
		};
		8E02479C1C92AA3A009D3AF5 /* Frameworks */ = {
			isa = PBXFrameworksBuildPhase;
			buildActionMask = 2147483647;
			files = (
			);
			runOnlyForDeploymentPostprocessing = 0;
		};
		8E0247A71C92AA3A009D3AF5 /* Frameworks */ = {
			isa = PBXFrameworksBuildPhase;
			buildActionMask = 2147483647;
			files = (
			);
			runOnlyForDeploymentPostprocessing = 0;
		};
/* End PBXFrameworksBuildPhase section */

/* Begin PBXGroup section */
		8E02477A1C92AA39009D3AF5 = {
			isa = PBXGroup;
			children = (
				8E0247851C92AA39009D3AF5 /* SafariViewControllerDemo */,
				8E0247A21C92AA3A009D3AF5 /* SafariViewControllerDemoTests */,
				8E0247AD1C92AA3A009D3AF5 /* SafariViewControllerDemoUITests */,
				8E0247841C92AA39009D3AF5 /* Products */,
			);
			sourceTree = "<group>";
		};
		8E0247841C92AA39009D3AF5 /* Products */ = {
			isa = PBXGroup;
			children = (
				8E0247831C92AA39009D3AF5 /* SafariViewControllerDemo.app */,
				8E02479F1C92AA3A009D3AF5 /* SafariViewControllerDemoTests.xctest */,
				8E0247AA1C92AA3A009D3AF5 /* SafariViewControllerDemoUITests.xctest */,
			);
			name = Products;
			sourceTree = "<group>";
		};
		8E0247851C92AA39009D3AF5 /* SafariViewControllerDemo */ = {
			isa = PBXGroup;
			children = (
				8E0247891C92AA39009D3AF5 /* AppDelegate.h */,
				8E02478A1C92AA3A009D3AF5 /* AppDelegate.m */,
				8E0247BF1C92AD58009D3AF5 /* SafariViewController.h */,
				8E0247C01C92AD58009D3AF5 /* SafariViewController.m */,
				8E02478F1C92AA3A009D3AF5 /* Main.storyboard */,
				8E0247951C92AA3A009D3AF5 /* Assets.xcassets */,
				8E0247971C92AA3A009D3AF5 /* LaunchScreen.storyboard */,
				8E02479A1C92AA3A009D3AF5 /* Info.plist */,
				8E0247921C92AA3A009D3AF5 /* SafariViewControllerDemo.xcdatamodeld */,
				8E0247861C92AA39009D3AF5 /* Supporting Files */,
			);
			path = SafariViewControllerDemo;
			sourceTree = "<group>";
		};
		8E0247861C92AA39009D3AF5 /* Supporting Files */ = {
			isa = PBXGroup;
			children = (
				8E0247871C92AA39009D3AF5 /* main.m */,
			);
			name = "Supporting Files";
			sourceTree = "<group>";
		};
		8E0247A21C92AA3A009D3AF5 /* SafariViewControllerDemoTests */ = {
			isa = PBXGroup;
			children = (
				8E0247A31C92AA3A009D3AF5 /* SafariViewControllerDemoTests.m */,
				8E0247A51C92AA3A009D3AF5 /* Info.plist */,
			);
			path = SafariViewControllerDemoTests;
			sourceTree = "<group>";
		};
		8E0247AD1C92AA3A009D3AF5 /* SafariViewControllerDemoUITests */ = {
			isa = PBXGroup;
			children = (
				8E0247AE1C92AA3A009D3AF5 /* SafariViewControllerDemoUITests.m */,
				8E0247B01C92AA3A009D3AF5 /* Info.plist */,
			);
			path = SafariViewControllerDemoUITests;
			sourceTree = "<group>";
		};
/* End PBXGroup section */

/* Begin PBXNativeTarget section */
		8E0247821C92AA39009D3AF5 /* SafariViewControllerDemo */ = {
			isa = PBXNativeTarget;
			buildConfigurationList = 8E0247B31C92AA3A009D3AF5 /* Build configuration list for PBXNativeTarget "SafariViewControllerDemo" */;
			buildPhases = (
				8E02477F1C92AA39009D3AF5 /* Sources */,
				8E0247801C92AA39009D3AF5 /* Frameworks */,
				8E0247811C92AA39009D3AF5 /* Resources */,
			);
			buildRules = (
			);
			dependencies = (
			);
			name = SafariViewControllerDemo;
			productName = SafariViewControllerDemo;
			productReference = 8E0247831C92AA39009D3AF5 /* SafariViewControllerDemo.app */;
			productType = "com.apple.product-type.application";
		};
		8E02479E1C92AA3A009D3AF5 /* SafariViewControllerDemoTests */ = {
			isa = PBXNativeTarget;
			buildConfigurationList = 8E0247B61C92AA3A009D3AF5 /* Build configuration list for PBXNativeTarget "SafariViewControllerDemoTests" */;
			buildPhases = (
				8E02479B1C92AA3A009D3AF5 /* Sources */,
				8E02479C1C92AA3A009D3AF5 /* Frameworks */,
				8E02479D1C92AA3A009D3AF5 /* Resources */,
			);
			buildRules = (
			);
			dependencies = (
				8E0247A11C92AA3A009D3AF5 /* PBXTargetDependency */,
			);
			name = SafariViewControllerDemoTests;
			productName = SafariViewControllerDemoTests;
			productReference = 8E02479F1C92AA3A009D3AF5 /* SafariViewControllerDemoTests.xctest */;
			productType = "com.apple.product-type.bundle.unit-test";
		};
		8E0247A91C92AA3A009D3AF5 /* SafariViewControllerDemoUITests */ = {
			isa = PBXNativeTarget;
			buildConfigurationList = 8E0247B91C92AA3A009D3AF5 /* Build configuration list for PBXNativeTarget "SafariViewControllerDemoUITests" */;
			buildPhases = (
				8E0247A61C92AA3A009D3AF5 /* Sources */,
				8E0247A71C92AA3A009D3AF5 /* Frameworks */,
				8E0247A81C92AA3A009D3AF5 /* Resources */,
			);
			buildRules = (
			);
			dependencies = (
				8E0247AC1C92AA3A009D3AF5 /* PBXTargetDependency */,
			);
			name = SafariViewControllerDemoUITests;
			productName = SafariViewControllerDemoUITests;
			productReference = 8E0247AA1C92AA3A009D3AF5 /* SafariViewControllerDemoUITests.xctest */;
			productType = "com.apple.product-type.bundle.ui-testing";
		};
/* End PBXNativeTarget section */

/* Begin PBXProject section */
		8E02477B1C92AA39009D3AF5 /* Project object */ = {
			isa = PBXProject;
			attributes = {
				LastUpgradeCheck = 0720;
				ORGANIZATIONNAME = 123456;
				TargetAttributes = {
					8E0247821C92AA39009D3AF5 = {
						CreatedOnToolsVersion = 7.2;
					};
					8E02479E1C92AA3A009D3AF5 = {
						CreatedOnToolsVersion = 7.2;
						TestTargetID = 8E0247821C92AA39009D3AF5;
					};
					8E0247A91C92AA3A009D3AF5 = {
						CreatedOnToolsVersion = 7.2;
						TestTargetID = 8E0247821C92AA39009D3AF5;
					};
				};
			};
			buildConfigurationList = 8E02477E1C92AA39009D3AF5 /* Build configuration list for PBXProject "SafariViewControllerDemo" */;
			compatibilityVersion = "Xcode 3.2";
			developmentRegion = English;
			hasScannedForEncodings = 0;
			knownRegions = (
				en,
				Base,
			);
			mainGroup = 8E02477A1C92AA39009D3AF5;
			productRefGroup = 8E0247841C92AA39009D3AF5 /* Products */;
			projectDirPath = "";
			projectRoot = "";
			targets = (
				8E0247821C92AA39009D3AF5 /* SafariViewControllerDemo */,
				8E02479E1C92AA3A009D3AF5 /* SafariViewControllerDemoTests */,
				8E0247A91C92AA3A009D3AF5 /* SafariViewControllerDemoUITests */,
			);
		};
/* End PBXProject section */

/* Begin PBXResourcesBuildPhase section */
		8E0247811C92AA39009D3AF5 /* Resources */ = {
			isa = PBXResourcesBuildPhase;
			buildActionMask = 2147483647;
			files = (
				8E0247991C92AA3A009D3AF5 /* LaunchScreen.storyboard in Resources */,
				8E0247961C92AA3A009D3AF5 /* Assets.xcassets in Resources */,
				8E0247911C92AA3A009D3AF5 /* Main.storyboard in Resources */,
			);
			runOnlyForDeploymentPostprocessing = 0;
		};
		8E02479D1C92AA3A009D3AF5 /* Resources */ = {
			isa = PBXResourcesBuildPhase;
			buildActionMask = 2147483647;
			files = (
			);
			runOnlyForDeploymentPostprocessing = 0;
		};
		8E0247A81C92AA3A009D3AF5 /* Resources */ = {
			isa = PBXResourcesBuildPhase;
			buildActionMask = 2147483647;
			files = (
			);
			runOnlyForDeploymentPostprocessing = 0;
		};
/* End PBXResourcesBuildPhase section */

/* Begin PBXSourcesBuildPhase section */
		8E02477F1C92AA39009D3AF5 /* Sources */ = {
			isa = PBXSourcesBuildPhase;
			buildActionMask = 2147483647;
			files = (
				8E02478B1C92AA3A009D3AF5 /* AppDelegate.m in Sources */,
				8E0247881C92AA39009D3AF5 /* main.m in Sources */,
				8E0247C11C92AD58009D3AF5 /* SafariViewController.m in Sources */,
				8E0247941C92AA3A009D3AF5 /* SafariViewControllerDemo.xcdatamodeld in Sources */,
			);
			runOnlyForDeploymentPostprocessing = 0;
		};
		8E02479B1C92AA3A009D3AF5 /* Sources */ = {
			isa = PBXSourcesBuildPhase;
			buildActionMask = 2147483647;
			files = (
				8E0247A41C92AA3A009D3AF5 /* SafariViewControllerDemoTests.m in Sources */,
			);
			runOnlyForDeploymentPostprocessing = 0;
		};
		8E0247A61C92AA3A009D3AF5 /* Sources */ = {
			isa = PBXSourcesBuildPhase;
			buildActionMask = 2147483647;
			files = (
				8E0247AF1C92AA3A009D3AF5 /* SafariViewControllerDemoUITests.m in Sources */,
			);
			runOnlyForDeploymentPostprocessing = 0;
		};
/* End PBXSourcesBuildPhase section */

/* Begin PBXTargetDependency section */
		8E0247A11C92AA3A009D3AF5 /* PBXTargetDependency */ = {
			isa = PBXTargetDependency;
			target = 8E0247821C92AA39009D3AF5 /* SafariViewControllerDemo */;
			targetProxy = 8E0247A01C92AA3A009D3AF5 /* PBXContainerItemProxy */;
		};
		8E0247AC1C92AA3A009D3AF5 /* PBXTargetDependency */ = {
			isa = PBXTargetDependency;
			target = 8E0247821C92AA39009D3AF5 /* SafariViewControllerDemo */;
			targetProxy = 8E0247AB1C92AA3A009D3AF5 /* PBXContainerItemProxy */;
		};
/* End PBXTargetDependency section */

/* Begin PBXVariantGroup section */
		8E02478F1C92AA3A009D3AF5 /* Main.storyboard */ = {
			isa = PBXVariantGroup;
			children = (
				8E0247901C92AA3A009D3AF5 /* Base */,
			);
			name = Main.storyboard;
			sourceTree = "<group>";
		};
		8E0247971C92AA3A009D3AF5 /* LaunchScreen.storyboard */ = {
			isa = PBXVariantGroup;
			children = (
				8E0247981C92AA3A009D3AF5 /* Base */,
			);
			name = LaunchScreen.storyboard;
			sourceTree = "<group>";
		};
/* End PBXVariantGroup section */

/* Begin XCBuildConfiguration section */
		8E0247B11C92AA3A009D3AF5 /* Debug */ = {
			isa = XCBuildConfiguration;
			buildSettings = {
				ALWAYS_SEARCH_USER_PATHS = NO;
				CLANG_CXX_LANGUAGE_STANDARD = "gnu++0x";
				CLANG_CXX_LIBRARY = "libc++";
				CLANG_ENABLE_MODULES = YES;
				CLANG_ENABLE_OBJC_ARC = YES;
				CLANG_WARN_BOOL_CONVERSION = YES;
				CLANG_WARN_CONSTANT_CONVERSION = YES;
				CLANG_WARN_DIRECT_OBJC_ISA_USAGE = YES_ERROR;
				CLANG_WARN_EMPTY_BODY = YES;
				CLANG_WARN_ENUM_CONVERSION = YES;
				CLANG_WARN_INT_CONVERSION = YES;
				CLANG_WARN_OBJC_ROOT_CLASS = YES_ERROR;
				CLANG_WARN_UNREACHABLE_CODE = YES;
				CLANG_WARN__DUPLICATE_METHOD_MATCH = YES;
				"CODE_SIGN_IDENTITY[sdk=iphoneos*]" = "iPhone Developer";
				COPY_PHASE_STRIP = NO;
				DEBUG_INFORMATION_FORMAT = dwarf;
				ENABLE_STRICT_OBJC_MSGSEND = YES;
				ENABLE_TESTABILITY = YES;
				GCC_C_LANGUAGE_STANDARD = gnu99;
				GCC_DYNAMIC_NO_PIC = NO;
				GCC_NO_COMMON_BLOCKS = YES;
				GCC_OPTIMIZATION_LEVEL = 0;
				GCC_PREPROCESSOR_DEFINITIONS = (
					"DEBUG=1",
					"$(inherited)",
				);
				GCC_WARN_64_TO_32_BIT_CONVERSION = YES;
				GCC_WARN_ABOUT_RETURN_TYPE = YES_ERROR;
				GCC_WARN_UNDECLARED_SELECTOR = YES;
				GCC_WARN_UNINITIALIZED_AUTOS = YES_AGGRESSIVE;
				GCC_WARN_UNUSED_FUNCTION = YES;
				GCC_WARN_UNUSED_VARIABLE = YES;
				IPHONEOS_DEPLOYMENT_TARGET = 9.2;
				MTL_ENABLE_DEBUG_INFO = YES;
				ONLY_ACTIVE_ARCH = YES;
				SDKROOT = iphoneos;
			};
			name = Debug;
		};
		8E0247B21C92AA3A009D3AF5 /* Release */ = {
			isa = XCBuildConfiguration;
			buildSettings = {
				ALWAYS_SEARCH_USER_PATHS = NO;
				CLANG_CXX_LANGUAGE_STANDARD = "gnu++0x";
				CLANG_CXX_LIBRARY = "libc++";
				CLANG_ENABLE_MODULES = YES;
				CLANG_ENABLE_OBJC_ARC = YES;
				CLANG_WARN_BOOL_CONVERSION = YES;
				CLANG_WARN_CONSTANT_CONVERSION = YES;
				CLANG_WARN_DIRECT_OBJC_ISA_USAGE = YES_ERROR;
				CLANG_WARN_EMPTY_BODY = YES;
				CLANG_WARN_ENUM_CONVERSION = YES;
				CLANG_WARN_INT_CONVERSION = YES;
				CLANG_WARN_OBJC_ROOT_CLASS = YES_ERROR;
				CLANG_WARN_UNREACHABLE_CODE = YES;
				CLANG_WARN__DUPLICATE_METHOD_MATCH = YES;
				"CODE_SIGN_IDENTITY[sdk=iphoneos*]" = "iPhone Developer";
				COPY_PHASE_STRIP = NO;
				DEBUG_INFORMATION_FORMAT = "dwarf-with-dsym";
				ENABLE_NS_ASSERTIONS = NO;
				ENABLE_STRICT_OBJC_MSGSEND = YES;
				GCC_C_LANGUAGE_STANDARD = gnu99;
				GCC_NO_COMMON_BLOCKS = YES;
				GCC_WARN_64_TO_32_BIT_CONVERSION = YES;
				GCC_WARN_ABOUT_RETURN_TYPE = YES_ERROR;
				GCC_WARN_UNDECLARED_SELECTOR = YES;
				GCC_WARN_UNINITIALIZED_AUTOS = YES_AGGRESSIVE;
				GCC_WARN_UNUSED_FUNCTION = YES;
				GCC_WARN_UNUSED_VARIABLE = YES;
				IPHONEOS_DEPLOYMENT_TARGET = 9.2;
				MTL_ENABLE_DEBUG_INFO = NO;
				SDKROOT = iphoneos;
				VALIDATE_PRODUCT = YES;
			};
			name = Release;
		};
		8E0247B41C92AA3A009D3AF5 /* Debug */ = {
			isa = XCBuildConfiguration;
			buildSettings = {
				ASSETCATALOG_COMPILER_APPICON_NAME = AppIcon;
				INFOPLIST_FILE = SafariViewControllerDemo/Info.plist;
				LD_RUNPATH_SEARCH_PATHS = "$(inherited) @executable_path/Frameworks";
				PRODUCT_BUNDLE_IDENTIFIER = "-3.SafariViewControllerDemo";
				PRODUCT_NAME = "$(TARGET_NAME)";
			};
			name = Debug;
		};
		8E0247B51C92AA3A009D3AF5 /* Release */ = {
			isa = XCBuildConfiguration;
			buildSettings = {
				ASSETCATALOG_COMPILER_APPICON_NAME = AppIcon;
				INFOPLIST_FILE = SafariViewControllerDemo/Info.plist;
				LD_RUNPATH_SEARCH_PATHS = "$(inherited) @executable_path/Frameworks";
				PRODUCT_BUNDLE_IDENTIFIER = "-3.SafariViewControllerDemo";
				PRODUCT_NAME = "$(TARGET_NAME)";
			};
			name = Release;
		};
		8E0247B71C92AA3A009D3AF5 /* Debug */ = {
			isa = XCBuildConfiguration;
			buildSettings = {
				BUNDLE_LOADER = "$(TEST_HOST)";
				INFOPLIST_FILE = SafariViewControllerDemoTests/Info.plist;
				LD_RUNPATH_SEARCH_PATHS = "$(inherited) @executable_path/Frameworks @loader_path/Frameworks";
				PRODUCT_BUNDLE_IDENTIFIER = "-3.SafariViewControllerDemoTests";
				PRODUCT_NAME = "$(TARGET_NAME)";
				TEST_HOST = "$(BUILT_PRODUCTS_DIR)/SafariViewControllerDemo.app/SafariViewControllerDemo";
			};
			name = Debug;
		};
		8E0247B81C92AA3A009D3AF5 /* Release */ = {
			isa = XCBuildConfiguration;
			buildSettings = {
				BUNDLE_LOADER = "$(TEST_HOST)";
				INFOPLIST_FILE = SafariViewControllerDemoTests/Info.plist;
				LD_RUNPATH_SEARCH_PATHS = "$(inherited) @executable_path/Frameworks @loader_path/Frameworks";
				PRODUCT_BUNDLE_IDENTIFIER = "-3.SafariViewControllerDemoTests";
				PRODUCT_NAME = "$(TARGET_NAME)";
				TEST_HOST = "$(BUILT_PRODUCTS_DIR)/SafariViewControllerDemo.app/SafariViewControllerDemo";
			};
			name = Release;
		};
		8E0247BA1C92AA3A009D3AF5 /* Debug */ = {
			isa = XCBuildConfiguration;
			buildSettings = {
				INFOPLIST_FILE = SafariViewControllerDemoUITests/Info.plist;
				LD_RUNPATH_SEARCH_PATHS = "$(inherited) @executable_path/Frameworks @loader_path/Frameworks";
				PRODUCT_BUNDLE_IDENTIFIER = "-3.SafariViewControllerDemoUITests";
				PRODUCT_NAME = "$(TARGET_NAME)";
				TEST_TARGET_NAME = SafariViewControllerDemo;
				USES_XCTRUNNER = YES;
			};
			name = Debug;
		};
		8E0247BB1C92AA3A009D3AF5 /* Release */ = {
			isa = XCBuildConfiguration;
			buildSettings = {
				INFOPLIST_FILE = SafariViewControllerDemoUITests/Info.plist;
				LD_RUNPATH_SEARCH_PATHS = "$(inherited) @executable_path/Frameworks @loader_path/Frameworks";
				PRODUCT_BUNDLE_IDENTIFIER = "-3.SafariViewControllerDemoUITests";
				PRODUCT_NAME = "$(TARGET_NAME)";
				TEST_TARGET_NAME = SafariViewControllerDemo;
				USES_XCTRUNNER = YES;
			};
			name = Release;
		};
/* End XCBuildConfiguration section */

/* Begin XCConfigurationList section */
		8E02477E1C92AA39009D3AF5 /* Build configuration list for PBXProject "SafariViewControllerDemo" */ = {
			isa = XCConfigurationList;
			buildConfigurations = (
				8E0247B11C92AA3A009D3AF5 /* Debug */,
				8E0247B21C92AA3A009D3AF5 /* Release */,
			);
			defaultConfigurationIsVisible = 0;
			defaultConfigurationName = Release;
		};
		8E0247B31C92AA3A009D3AF5 /* Build configuration list for PBXNativeTarget "SafariViewControllerDemo" */ = {
			isa = XCConfigurationList;
			buildConfigurations = (
				8E0247B41C92AA3A009D3AF5 /* Debug */,
				8E0247B51C92AA3A009D3AF5 /* Release */,
			);
			defaultConfigurationIsVisible = 0;
			defaultConfigurationName = Release;
		};
		8E0247B61C92AA3A009D3AF5 /* Build configuration list for PBXNativeTarget "SafariViewControllerDemoTests" */ = {
			isa = XCConfigurationList;
			buildConfigurations = (
				8E0247B71C92AA3A009D3AF5 /* Debug */,
				8E0247B81C92AA3A009D3AF5 /* Release */,
			);
			defaultConfigurationIsVisible = 0;
			defaultConfigurationName = Release;
		};
		8E0247B91C92AA3A009D3AF5 /* Build configuration list for PBXNativeTarget "SafariViewControllerDemoUITests" */ = {
			isa = XCConfigurationList;
			buildConfigurations = (
				8E0247BA1C92AA3A009D3AF5 /* Debug */,
				8E0247BB1C92AA3A009D3AF5 /* Release */,
			);
			defaultConfigurationIsVisible = 0;
			defaultConfigurationName = Release;
		};
/* End XCConfigurationList section */

/* Begin XCVersionGroup section */
		8E0247921C92AA3A009D3AF5 /* SafariViewControllerDemo.xcdatamodeld */ = {
			isa = XCVersionGroup;
			children = (
				8E0247931C92AA3A009D3AF5 /* SafariViewControllerDemo.xcdatamodel */,
			);
			currentVersion = 8E0247931C92AA3A009D3AF5 /* SafariViewControllerDemo.xcdatamodel */;
			path = SafariViewControllerDemo.xcdatamodeld;
			sourceTree = "<group>";
			versionGroupType = wrapper.xcdatamodel;
		};
/* End XCVersionGroup section */
	};
	rootObject = 8E02477B1C92AA39009D3AF5 /* Project object */;
}
